
Microsoft Visual Studio Solution File, Format Version 12.00
# Visual Studio Version 17
VisualStudioVersion = 17.7.34202.233
MinimumVisualStudioVersion = 10.0.40219.1
Project("{FAE04EC0-301F-11D3-BF4B-00C04F79EFBC}") = "Proiect_Stoica_Ramona", "Proiect_Stoica_Ramona.csproj", "{A52D3EAB-F881-4FD0-ADA2-AB6D74C95747}"
EndProject
Global
	GlobalSection(SolutionConfigurationPlatforms) = preSolution
		Debug|Any CPU = Debug|Any CPU
		Release|Any CPU = Release|Any CPU
	EndGlobalSection
	GlobalSection(ProjectConfigurationPlatforms) = postSolution
		{A52D3EAB-F881-4FD0-ADA2-AB6D74C95747}.Debug|Any CPU.ActiveCfg = Debug|Any CPU
		{A52D3EAB-F881-4FD0-ADA2-AB6D74C95747}.Debug|Any CPU.Build.0 = Debug|Any CPU
		{A52D3EAB-F881-4FD0-ADA2-AB6D74C95747}.Release|Any CPU.ActiveCfg = Release|Any CPU
		{A52D3EAB-F881-4FD0-ADA2-AB6D74C95747}.Release|Any CPU.Build.0 = Release|Any CPU
	EndGlobalSection
	GlobalSection(SolutionProperties) = preSolution
		HideSolutionNode = FALSE
	EndGlobalSection
	GlobalSection(ExtensibilityGlobals) = postSolution
		SolutionGuid = {7FFF77D9-A0B0-44EE-9E9E-187B17BB58CE}
	EndGlobalSection
EndGlobal
